
Microsoft Visual Studio Solution File, Format Version 12.00
# Visual Studio Version 17
VisualStudioVersion = 17.5.002.0
MinimumVisualStudioVersion = 10.0.40219.1
Project("{9A19103F-16F7-4668-BE54-9A1E7A4F7556}") = "Opcion1SaletGutierrez", "Opcion1SaletGutierrez.csproj", "{729C4467-E908-46E2-80BB-2DBD99CDAC5B}"
EndProject
Global
	GlobalSection(SolutionConfigurationPlatforms) = preSolution
		Debug|Any CPU = Debug|Any CPU
		Release|Any CPU = Release|Any CPU
	EndGlobalSection
	GlobalSection(ProjectConfigurationPlatforms) = postSolution
		{729C4467-E908-46E2-80BB-2DBD99CDAC5B}.Debug|Any CPU.ActiveCfg = Debug|Any CPU
		{729C4467-E908-46E2-80BB-2DBD99CDAC5B}.Debug|Any CPU.Build.0 = Debug|Any CPU
		{729C4467-E908-46E2-80BB-2DBD99CDAC5B}.Release|Any CPU.ActiveCfg = Release|Any CPU
		{729C4467-E908-46E2-80BB-2DBD99CDAC5B}.Release|Any CPU.Build.0 = Release|Any CPU
	EndGlobalSection
	GlobalSection(SolutionProperties) = preSolution
		HideSolutionNode = FALSE
	EndGlobalSection
	GlobalSection(ExtensibilityGlobals) = postSolution
		SolutionGuid = {E05BE49F-61A6-4E89-8604-89E9E80D96F1}
	EndGlobalSection
EndGlobal
